
Microsoft Visual Studio Solution File, Format Version 12.00
# Visual Studio Version 17
VisualStudioVersion = 17.11.35327.3
MinimumVisualStudioVersion = 10.0.40219.1
Project("{FAE04EC0-301F-11D3-BF4B-00C04F79EFBC}") = "GithubActionsDemoApp", "GithubActionsDemoApp\GithubActionsDemoApp.csproj", "{5F687234-3D42-43DB-821A-D60CC4CEFCD8}"
EndProject
Project("{FAE04EC0-301F-11D3-BF4B-00C04F79EFBC}") = "Tests", "Tests\Tests.csproj", "{0860E8B4-8A85-4CFA-AB24-CA88A4D57E69}"
EndProject
Global
	GlobalSection(SolutionConfigurationPlatforms) = preSolution
		Debug|Any CPU = Debug|Any CPU
		Release|Any CPU = Release|Any CPU
	EndGlobalSection
	GlobalSection(ProjectConfigurationPlatforms) = postSolution
		{5F687234-3D42-43DB-821A-D60CC4CEFCD8}.Debug|Any CPU.ActiveCfg = Debug|Any CPU
		{5F687234-3D42-43DB-821A-D60CC4CEFCD8}.Debug|Any CPU.Build.0 = Debug|Any CPU
		{5F687234-3D42-43DB-821A-D60CC4CEFCD8}.Release|Any CPU.ActiveCfg = Release|Any CPU
		{5F687234-3D42-43DB-821A-D60CC4CEFCD8}.Release|Any CPU.Build.0 = Release|Any CPU
		{0860E8B4-8A85-4CFA-AB24-CA88A4D57E69}.Debug|Any CPU.ActiveCfg = Debug|Any CPU
		{0860E8B4-8A85-4CFA-AB24-CA88A4D57E69}.Debug|Any CPU.Build.0 = Debug|Any CPU
		{0860E8B4-8A85-4CFA-AB24-CA88A4D57E69}.Release|Any CPU.ActiveCfg = Release|Any CPU
		{0860E8B4-8A85-4CFA-AB24-CA88A4D57E69}.Release|Any CPU.Build.0 = Release|Any CPU
	EndGlobalSection
	GlobalSection(SolutionProperties) = preSolution
		HideSolutionNode = FALSE
	EndGlobalSection
	GlobalSection(ExtensibilityGlobals) = postSolution
		SolutionGuid = {6907E3C0-9210-4DCE-8CCC-566F58440AF9}
	EndGlobalSection
EndGlobal
